// !$*UTF8*$!
{
	archiveVersion = 1;
	classes = {
	};
	objectVersion = 46;
	objects = {

/* Begin PBXBuildFile section */
		026DF4A418F3AB2100F434AA /* Foundation.framework in Frameworks */ = {isa = PBXBuildFile; fileRef = 026DF4A318F3AB2100F434AA /* Foundation.framework */; };
		026DF4A618F3AB2100F434AA /* CoreGraphics.framework in Frameworks */ = {isa = PBXBuildFile; fileRef = 026DF4A518F3AB2100F434AA /* CoreGraphics.framework */; };
		026DF4A818F3AB2100F434AA /* UIKit.framework in Frameworks */ = {isa = PBXBuildFile; fileRef = 026DF4A718F3AB2100F434AA /* UIKit.framework */; };
		026DF4AE18F3AB2100F434AA /* InfoPlist.strings in Resources */ = {isa = PBXBuildFile; fileRef = 026DF4AC18F3AB2100F434AA /* InfoPlist.strings */; };
		026DF4B018F3AB2100F434AA /* main.m in Sources */ = {isa = PBXBuildFile; fileRef = 026DF4AF18F3AB2100F434AA /* main.m */; };
		026DF4B418F3AB2100F434AA /* AppDelegate.m in Sources */ = {isa = PBXBuildFile; fileRef = 026DF4B318F3AB2100F434AA /* AppDelegate.m */; };
		026DF4B718F3AB2100F434AA /* Main.storyboard in Resources */ = {isa = PBXBuildFile; fileRef = 026DF4B518F3AB2100F434AA /* Main.storyboard */; };
		026DF4BA18F3AB2100F434AA /* SubredditViewController.m in Sources */ = {isa = PBXBuildFile; fileRef = 026DF4B918F3AB2100F434AA /* SubredditViewController.m */; };
		026DF4BC18F3AB2100F434AA /* Images.xcassets in Resources */ = {isa = PBXBuildFile; fileRef = 026DF4BB18F3AB2100F434AA /* Images.xcassets */; };
		026DF4C318F3AB2100F434AA /* XCTest.framework in Frameworks */ = {isa = PBXBuildFile; fileRef = 026DF4C218F3AB2100F434AA /* XCTest.framework */; };
		026DF4C418F3AB2100F434AA /* Foundation.framework in Frameworks */ = {isa = PBXBuildFile; fileRef = 026DF4A318F3AB2100F434AA /* Foundation.framework */; };
		026DF4C518F3AB2100F434AA /* UIKit.framework in Frameworks */ = {isa = PBXBuildFile; fileRef = 026DF4A718F3AB2100F434AA /* UIKit.framework */; };
		026DF4CD18F3AB2100F434AA /* InfoPlist.strings in Resources */ = {isa = PBXBuildFile; fileRef = 026DF4CB18F3AB2100F434AA /* InfoPlist.strings */; };
		026DF4CF18F3AB2100F434AA /* SubredditViewerTests.m in Sources */ = {isa = PBXBuildFile; fileRef = 026DF4CE18F3AB2100F434AA /* SubredditViewerTests.m */; };
		026DF4DD18F4FBA900F434AA /* LoginViewController.m in Sources */ = {isa = PBXBuildFile; fileRef = 026DF4DC18F4FBA900F434AA /* LoginViewController.m */; };
		026DF4E218F5097000F434AA /* KiipSDKResources.bundle in Resources */ = {isa = PBXBuildFile; fileRef = 026DF4E118F5097000F434AA /* KiipSDKResources.bundle */; };
		026DF4E418F5099000F434AA /* KiipSDK.framework in Frameworks */ = {isa = PBXBuildFile; fileRef = 026DF4E318F5099000F434AA /* KiipSDK.framework */; };
		026DF4E618F50C5600F434AA /* CoreTelephony.framework in Frameworks */ = {isa = PBXBuildFile; fileRef = 026DF4E518F50C5600F434AA /* CoreTelephony.framework */; };
		026DF4E818F50C6100F434AA /* QuartzCore.framework in Frameworks */ = {isa = PBXBuildFile; fileRef = 026DF4E718F50C6100F434AA /* QuartzCore.framework */; };
		026DF4EA18F50C6900F434AA /* SystemConfiguration.framework in Frameworks */ = {isa = PBXBuildFile; fileRef = 026DF4E918F50C6900F434AA /* SystemConfiguration.framework */; };
		026DF4EC18F50C7200F434AA /* AdSupport.framework in Frameworks */ = {isa = PBXBuildFile; fileRef = 026DF4EB18F50C7200F434AA /* AdSupport.framework */; };
		026DF4EE18F50C7800F434AA /* PassKit.framework in Frameworks */ = {isa = PBXBuildFile; fileRef = 026DF4ED18F50C7800F434AA /* PassKit.framework */; };
		026DF4F218F5166E00F434AA /* WebViewController.m in Sources */ = {isa = PBXBuildFile; fileRef = 026DF4F118F5166E00F434AA /* WebViewController.m */; };
/* End PBXBuildFile section */

/* Begin PBXContainerItemProxy section */
		026DF4C618F3AB2100F434AA /* PBXContainerItemProxy */ = {
			isa = PBXContainerItemProxy;
			containerPortal = 026DF49818F3AB2100F434AA /* Project object */;
			proxyType = 1;
			remoteGlobalIDString = 026DF49F18F3AB2100F434AA;
			remoteInfo = SubredditViewer;
		};
/* End PBXContainerItemProxy section */

/* Begin PBXFileReference section */
		026DF4A018F3AB2100F434AA /* SubredditViewer.app */ = {isa = PBXFileReference; explicitFileType = wrapper.application; includeInIndex = 0; path = SubredditViewer.app; sourceTree = BUILT_PRODUCTS_DIR; };
		026DF4A318F3AB2100F434AA /* Foundation.framework */ = {isa = PBXFileReference; lastKnownFileType = wrapper.framework; name = Foundation.framework; path = System/Library/Frameworks/Foundation.framework; sourceTree = SDKROOT; };
		026DF4A518F3AB2100F434AA /* CoreGraphics.framework */ = {isa = PBXFileReference; lastKnownFileType = wrapper.framework; name = CoreGraphics.framework; path = System/Library/Frameworks/CoreGraphics.framework; sourceTree = SDKROOT; };
		026DF4A718F3AB2100F434AA /* UIKit.framework */ = {isa = PBXFileReference; lastKnownFileType = wrapper.framework; name = UIKit.framework; path = System/Library/Frameworks/UIKit.framework; sourceTree = SDKROOT; };
		026DF4AB18F3AB2100F434AA /* SubredditViewer-Info.plist */ = {isa = PBXFileReference; lastKnownFileType = text.plist.xml; path = "SubredditViewer-Info.plist"; sourceTree = "<group>"; };
		026DF4AD18F3AB2100F434AA /* en */ = {isa = PBXFileReference; lastKnownFileType = text.plist.strings; name = en; path = en.lproj/InfoPlist.strings; sourceTree = "<group>"; };
		026DF4AF18F3AB2100F434AA /* main.m */ = {isa = PBXFileReference; lastKnownFileType = sourcecode.c.objc; path = main.m; sourceTree = "<group>"; };
		026DF4B118F3AB2100F434AA /* SubredditViewer-Prefix.pch */ = {isa = PBXFileReference; lastKnownFileType = sourcecode.c.h; path = "SubredditViewer-Prefix.pch"; sourceTree = "<group>"; };
		026DF4B218F3AB2100F434AA /* AppDelegate.h */ = {isa = PBXFileReference; lastKnownFileType = sourcecode.c.h; path = AppDelegate.h; sourceTree = "<group>"; };
		026DF4B318F3AB2100F434AA /* AppDelegate.m */ = {isa = PBXFileReference; lastKnownFileType = sourcecode.c.objc; path = AppDelegate.m; sourceTree = "<group>"; };
		026DF4B618F3AB2100F434AA /* Base */ = {isa = PBXFileReference; lastKnownFileType = file.storyboard; name = Base; path = Base.lproj/Main.storyboard; sourceTree = "<group>"; };
		026DF4B818F3AB2100F434AA /* SubredditViewController.h */ = {isa = PBXFileReference; lastKnownFileType = sourcecode.c.h; path = SubredditViewController.h; sourceTree = "<group>"; };
		026DF4B918F3AB2100F434AA /* SubredditViewController.m */ = {isa = PBXFileReference; lastKnownFileType = sourcecode.c.objc; path = SubredditViewController.m; sourceTree = "<group>"; };
		026DF4BB18F3AB2100F434AA /* Images.xcassets */ = {isa = PBXFileReference; lastKnownFileType = folder.assetcatalog; path = Images.xcassets; sourceTree = "<group>"; };
		026DF4C118F3AB2100F434AA /* SubredditViewerTests.xctest */ = {isa = PBXFileReference; explicitFileType = wrapper.cfbundle; includeInIndex = 0; path = SubredditViewerTests.xctest; sourceTree = BUILT_PRODUCTS_DIR; };
		026DF4C218F3AB2100F434AA /* XCTest.framework */ = {isa = PBXFileReference; lastKnownFileType = wrapper.framework; name = XCTest.framework; path = Library/Frameworks/XCTest.framework; sourceTree = DEVELOPER_DIR; };
		026DF4CA18F3AB2100F434AA /* SubredditViewerTests-Info.plist */ = {isa = PBXFileReference; lastKnownFileType = text.plist.xml; path = "SubredditViewerTests-Info.plist"; sourceTree = "<group>"; };
		026DF4CC18F3AB2100F434AA /* en */ = {isa = PBXFileReference; lastKnownFileType = text.plist.strings; name = en; path = en.lproj/InfoPlist.strings; sourceTree = "<group>"; };
		026DF4CE18F3AB2100F434AA /* SubredditViewerTests.m */ = {isa = PBXFileReference; lastKnownFileType = sourcecode.c.objc; path = SubredditViewerTests.m; sourceTree = "<group>"; };
		026DF4DB18F4FBA900F434AA /* LoginViewController.h */ = {isa = PBXFileReference; fileEncoding = 4; lastKnownFileType = sourcecode.c.h; path = LoginViewController.h; sourceTree = "<group>"; };
		026DF4DC18F4FBA900F434AA /* LoginViewController.m */ = {isa = PBXFileReference; fileEncoding = 4; lastKnownFileType = sourcecode.c.objc; path = LoginViewController.m; sourceTree = "<group>"; };
		026DF4E118F5097000F434AA /* KiipSDKResources.bundle */ = {isa = PBXFileReference; lastKnownFileType = "wrapper.plug-in"; path = KiipSDKResources.bundle; sourceTree = "<group>"; };
		026DF4E318F5099000F434AA /* KiipSDK.framework */ = {isa = PBXFileReference; lastKnownFileType = wrapper.framework; path = KiipSDK.framework; sourceTree = "<group>"; };
		026DF4E518F50C5600F434AA /* CoreTelephony.framework */ = {isa = PBXFileReference; lastKnownFileType = wrapper.framework; name = CoreTelephony.framework; path = System/Library/Frameworks/CoreTelephony.framework; sourceTree = SDKROOT; };
		026DF4E718F50C6100F434AA /* QuartzCore.framework */ = {isa = PBXFileReference; lastKnownFileType = wrapper.framework; name = QuartzCore.framework; path = System/Library/Frameworks/QuartzCore.framework; sourceTree = SDKROOT; };
		026DF4E918F50C6900F434AA /* SystemConfiguration.framework */ = {isa = PBXFileReference; lastKnownFileType = wrapper.framework; name = SystemConfiguration.framework; path = System/Library/Frameworks/SystemConfiguration.framework; sourceTree = SDKROOT; };
		026DF4EB18F50C7200F434AA /* AdSupport.framework */ = {isa = PBXFileReference; lastKnownFileType = wrapper.framework; name = AdSupport.framework; path = System/Library/Frameworks/AdSupport.framework; sourceTree = SDKROOT; };
		026DF4ED18F50C7800F434AA /* PassKit.framework */ = {isa = PBXFileReference; lastKnownFileType = wrapper.framework; name = PassKit.framework; path = System/Library/Frameworks/PassKit.framework; sourceTree = SDKROOT; };
		026DF4F018F5166E00F434AA /* WebViewController.h */ = {isa = PBXFileReference; fileEncoding = 4; lastKnownFileType = sourcecode.c.h; path = WebViewController.h; sourceTree = "<group>"; };
		026DF4F118F5166E00F434AA /* WebViewController.m */ = {isa = PBXFileReference; fileEncoding = 4; lastKnownFileType = sourcecode.c.objc; path = WebViewController.m; sourceTree = "<group>"; };
/* End PBXFileReference section */

/* Begin PBXFrameworksBuildPhase section */
		026DF49D18F3AB2100F434AA /* Frameworks */ = {
			isa = PBXFrameworksBuildPhase;
			buildActionMask = 2147483647;
			files = (
				026DF4EE18F50C7800F434AA /* PassKit.framework in Frameworks */,
				026DF4EC18F50C7200F434AA /* AdSupport.framework in Frameworks */,
				026DF4EA18F50C6900F434AA /* SystemConfiguration.framework in Frameworks */,
				026DF4E818F50C6100F434AA /* QuartzCore.framework in Frameworks */,
				026DF4E618F50C5600F434AA /* CoreTelephony.framework in Frameworks */,
				026DF4E418F5099000F434AA /* KiipSDK.framework in Frameworks */,
				026DF4A618F3AB2100F434AA /* CoreGraphics.framework in Frameworks */,
				026DF4A818F3AB2100F434AA /* UIKit.framework in Frameworks */,
				026DF4A418F3AB2100F434AA /* Foundation.framework in Frameworks */,
			);
			runOnlyForDeploymentPostprocessing = 0;
		};
		026DF4BE18F3AB2100F434AA /* Frameworks */ = {
			isa = PBXFrameworksBuildPhase;
			buildActionMask = 2147483647;
			files = (
				026DF4C318F3AB2100F434AA /* XCTest.framework in Frameworks */,
				026DF4C518F3AB2100F434AA /* UIKit.framework in Frameworks */,
				026DF4C418F3AB2100F434AA /* Foundation.framework in Frameworks */,
			);
			runOnlyForDeploymentPostprocessing = 0;
		};
/* End PBXFrameworksBuildPhase section */

/* Begin PBXGroup section */
		026DF49718F3AB2100F434AA = {
			isa = PBXGroup;
			children = (
				026DF4A918F3AB2100F434AA /* SubredditViewer */,
				026DF4C818F3AB2100F434AA /* SubredditViewerTests */,
				026DF4A218F3AB2100F434AA /* Frameworks */,
				026DF4A118F3AB2100F434AA /* Products */,
			);
			sourceTree = "<group>";
		};
		026DF4A118F3AB2100F434AA /* Products */ = {
			isa = PBXGroup;
			children = (
				026DF4A018F3AB2100F434AA /* SubredditViewer.app */,
				026DF4C118F3AB2100F434AA /* SubredditViewerTests.xctest */,
			);
			name = Products;
			sourceTree = "<group>";
		};
		026DF4A218F3AB2100F434AA /* Frameworks */ = {
			isa = PBXGroup;
			children = (
				026DF4ED18F50C7800F434AA /* PassKit.framework */,
				026DF4EB18F50C7200F434AA /* AdSupport.framework */,
				026DF4E918F50C6900F434AA /* SystemConfiguration.framework */,
				026DF4E718F50C6100F434AA /* QuartzCore.framework */,
				026DF4E518F50C5600F434AA /* CoreTelephony.framework */,
				026DF4E318F5099000F434AA /* KiipSDK.framework */,
				026DF4A318F3AB2100F434AA /* Foundation.framework */,
				026DF4A518F3AB2100F434AA /* CoreGraphics.framework */,
				026DF4A718F3AB2100F434AA /* UIKit.framework */,
				026DF4C218F3AB2100F434AA /* XCTest.framework */,
			);
			name = Frameworks;
			sourceTree = "<group>";
		};
		026DF4A918F3AB2100F434AA /* SubredditViewer */ = {
			isa = PBXGroup;
			children = (
				026DF4B218F3AB2100F434AA /* AppDelegate.h */,
				026DF4B318F3AB2100F434AA /* AppDelegate.m */,
				026DF4B518F3AB2100F434AA /* Main.storyboard */,
				026DF4F018F5166E00F434AA /* WebViewController.h */,
				026DF4F118F5166E00F434AA /* WebViewController.m */,
				026DF4DB18F4FBA900F434AA /* LoginViewController.h */,
				026DF4DC18F4FBA900F434AA /* LoginViewController.m */,
				026DF4B818F3AB2100F434AA /* SubredditViewController.h */,
				026DF4B918F3AB2100F434AA /* SubredditViewController.m */,
				026DF4BB18F3AB2100F434AA /* Images.xcassets */,
				026DF4AA18F3AB2100F434AA /* Supporting Files */,
			);
			path = SubredditViewer;
			sourceTree = "<group>";
		};
		026DF4AA18F3AB2100F434AA /* Supporting Files */ = {
			isa = PBXGroup;
			children = (
				026DF4E118F5097000F434AA /* KiipSDKResources.bundle */,
				026DF4AB18F3AB2100F434AA /* SubredditViewer-Info.plist */,
				026DF4AC18F3AB2100F434AA /* InfoPlist.strings */,
				026DF4AF18F3AB2100F434AA /* main.m */,
				026DF4B118F3AB2100F434AA /* SubredditViewer-Prefix.pch */,
			);
			name = "Supporting Files";
			sourceTree = "<group>";
		};
		026DF4C818F3AB2100F434AA /* SubredditViewerTests */ = {
			isa = PBXGroup;
			children = (
				026DF4CE18F3AB2100F434AA /* SubredditViewerTests.m */,
				026DF4C918F3AB2100F434AA /* Supporting Files */,
			);
			path = SubredditViewerTests;
			sourceTree = "<group>";
		};
		026DF4C918F3AB2100F434AA /* Supporting Files */ = {
			isa = PBXGroup;
			children = (
				026DF4CA18F3AB2100F434AA /* SubredditViewerTests-Info.plist */,
				026DF4CB18F3AB2100F434AA /* InfoPlist.strings */,
			);
			name = "Supporting Files";
			sourceTree = "<group>";
		};
/* End PBXGroup section */

/* Begin PBXNativeTarget section */
		026DF49F18F3AB2100F434AA /* SubredditViewer */ = {
			isa = PBXNativeTarget;
			buildConfigurationList = 026DF4D218F3AB2100F434AA /* Build configuration list for PBXNativeTarget "SubredditViewer" */;
			buildPhases = (
				026DF49C18F3AB2100F434AA /* Sources */,
				026DF49D18F3AB2100F434AA /* Frameworks */,
				026DF49E18F3AB2100F434AA /* Resources */,
			);
			buildRules = (
			);
			dependencies = (
			);
			name = SubredditViewer;
			productName = SubredditViewer;
			productReference = 026DF4A018F3AB2100F434AA /* SubredditViewer.app */;
			productType = "com.apple.product-type.application";
		};
		026DF4C018F3AB2100F434AA /* SubredditViewerTests */ = {
			isa = PBXNativeTarget;
			buildConfigurationList = 026DF4D518F3AB2100F434AA /* Build configuration list for PBXNativeTarget "SubredditViewerTests" */;
			buildPhases = (
				026DF4BD18F3AB2100F434AA /* Sources */,
				026DF4BE18F3AB2100F434AA /* Frameworks */,
				026DF4BF18F3AB2100F434AA /* Resources */,
			);
			buildRules = (
			);
			dependencies = (
				026DF4C718F3AB2100F434AA /* PBXTargetDependency */,
			);
			name = SubredditViewerTests;
			productName = SubredditViewerTests;
			productReference = 026DF4C118F3AB2100F434AA /* SubredditViewerTests.xctest */;
			productType = "com.apple.product-type.bundle.unit-test";
		};
/* End PBXNativeTarget section */

/* Begin PBXProject section */
		026DF49818F3AB2100F434AA /* Project object */ = {
			isa = PBXProject;
			attributes = {
				LastUpgradeCheck = 0510;
				ORGANIZATIONNAME = BrotoMan;
				TargetAttributes = {
					026DF4C018F3AB2100F434AA = {
						TestTargetID = 026DF49F18F3AB2100F434AA;
					};
				};
			};
			buildConfigurationList = 026DF49B18F3AB2100F434AA /* Build configuration list for PBXProject "SubredditViewer" */;
			compatibilityVersion = "Xcode 3.2";
			developmentRegion = English;
			hasScannedForEncodings = 0;
			knownRegions = (
				en,
				Base,
			);
			mainGroup = 026DF49718F3AB2100F434AA;
			productRefGroup = 026DF4A118F3AB2100F434AA /* Products */;
			projectDirPath = "";
			projectRoot = "";
			targets = (
				026DF49F18F3AB2100F434AA /* SubredditViewer */,
				026DF4C018F3AB2100F434AA /* SubredditViewerTests */,
			);
		};
/* End PBXProject section */

/* Begin PBXResourcesBuildPhase section */
		026DF49E18F3AB2100F434AA /* Resources */ = {
			isa = PBXResourcesBuildPhase;
			buildActionMask = 2147483647;
			files = (
				026DF4BC18F3AB2100F434AA /* Images.xcassets in Resources */,
				026DF4E218F5097000F434AA /* KiipSDKResources.bundle in Resources */,
				026DF4AE18F3AB2100F434AA /* InfoPlist.strings in Resources */,
				026DF4B718F3AB2100F434AA /* Main.storyboard in Resources */,
			);
			runOnlyForDeploymentPostprocessing = 0;
		};
		026DF4BF18F3AB2100F434AA /* Resources */ = {
			isa = PBXResourcesBuildPhase;
			buildActionMask = 2147483647;
			files = (
				026DF4CD18F3AB2100F434AA /* InfoPlist.strings in Resources */,
			);
			runOnlyForDeploymentPostprocessing = 0;
		};
/* End PBXResourcesBuildPhase section */

/* Begin PBXSourcesBuildPhase section */
		026DF49C18F3AB2100F434AA /* Sources */ = {
			isa = PBXSourcesBuildPhase;
			buildActionMask = 2147483647;
			files = (
				026DF4DD18F4FBA900F434AA /* LoginViewController.m in Sources */,
				026DF4F218F5166E00F434AA /* WebViewController.m in Sources */,
				026DF4BA18F3AB2100F434AA /* SubredditViewController.m in Sources */,
				026DF4B418F3AB2100F434AA /* AppDelegate.m in Sources */,
				026DF4B018F3AB2100F434AA /* main.m in Sources */,
			);
			runOnlyForDeploymentPostprocessing = 0;
		};
		026DF4BD18F3AB2100F434AA /* Sources */ = {
			isa = PBXSourcesBuildPhase;
			buildActionMask = 2147483647;
			files = (
				026DF4CF18F3AB2100F434AA /* SubredditViewerTests.m in Sources */,
			);
			runOnlyForDeploymentPostprocessing = 0;
		};
/* End PBXSourcesBuildPhase section */

/* Begin PBXTargetDependency section */
		026DF4C718F3AB2100F434AA /* PBXTargetDependency */ = {
			isa = PBXTargetDependency;
			target = 026DF49F18F3AB2100F434AA /* SubredditViewer */;
			targetProxy = 026DF4C618F3AB2100F434AA /* PBXContainerItemProxy */;
		};
/* End PBXTargetDependency section */

/* Begin PBXVariantGroup section */
		026DF4AC18F3AB2100F434AA /* InfoPlist.strings */ = {
			isa = PBXVariantGroup;
			children = (
				026DF4AD18F3AB2100F434AA /* en */,
			);
			name = InfoPlist.strings;
			sourceTree = "<group>";
		};
		026DF4B518F3AB2100F434AA /* Main.storyboard */ = {
			isa = PBXVariantGroup;
			children = (
				026DF4B618F3AB2100F434AA /* Base */,
			);
			name = Main.storyboard;
			sourceTree = "<group>";
		};
		026DF4CB18F3AB2100F434AA /* InfoPlist.strings */ = {
			isa = PBXVariantGroup;
			children = (
				026DF4CC18F3AB2100F434AA /* en */,
			);
			name = InfoPlist.strings;
			sourceTree = "<group>";
		};
/* End PBXVariantGroup section */

/* Begin XCBuildConfiguration section */
		026DF4D018F3AB2100F434AA /* Debug */ = {
			isa = XCBuildConfiguration;
			buildSettings = {
				ALWAYS_SEARCH_USER_PATHS = NO;
				CLANG_CXX_LANGUAGE_STANDARD = "gnu++0x";
				CLANG_CXX_LIBRARY = "libc++";
				CLANG_ENABLE_MODULES = YES;
				CLANG_ENABLE_OBJC_ARC = YES;
				CLANG_WARN_BOOL_CONVERSION = YES;
				CLANG_WARN_CONSTANT_CONVERSION = YES;
				CLANG_WARN_DIRECT_OBJC_ISA_USAGE = YES_ERROR;
				CLANG_WARN_EMPTY_BODY = YES;
				CLANG_WARN_ENUM_CONVERSION = YES;
				CLANG_WARN_INT_CONVERSION = YES;
				CLANG_WARN_OBJC_ROOT_CLASS = YES_ERROR;
				CLANG_WARN__DUPLICATE_METHOD_MATCH = YES;
				"CODE_SIGN_IDENTITY[sdk=iphoneos*]" = "iPhone Developer";
				COPY_PHASE_STRIP = NO;
				GCC_C_LANGUAGE_STANDARD = gnu99;
				GCC_DYNAMIC_NO_PIC = NO;
				GCC_OPTIMIZATION_LEVEL = 0;
				GCC_PREPROCESSOR_DEFINITIONS = (
					"DEBUG=1",
					"$(inherited)",
				);
				GCC_SYMBOLS_PRIVATE_EXTERN = NO;
				GCC_WARN_64_TO_32_BIT_CONVERSION = YES;
				GCC_WARN_ABOUT_RETURN_TYPE = YES_ERROR;
				GCC_WARN_UNDECLARED_SELECTOR = YES;
				GCC_WARN_UNINITIALIZED_AUTOS = YES_AGGRESSIVE;
				GCC_WARN_UNUSED_FUNCTION = YES;
				GCC_WARN_UNUSED_VARIABLE = YES;
				IPHONEOS_DEPLOYMENT_TARGET = 7.1;
				ONLY_ACTIVE_ARCH = YES;
				SDKROOT = iphoneos;
			};
			name = Debug;
		};
		026DF4D118F3AB2100F434AA /* Release */ = {
			isa = XCBuildConfiguration;
			buildSettings = {
				ALWAYS_SEARCH_USER_PATHS = NO;
				CLANG_CXX_LANGUAGE_STANDARD = "gnu++0x";
				CLANG_CXX_LIBRARY = "libc++";
				CLANG_ENABLE_MODULES = YES;
				CLANG_ENABLE_OBJC_ARC = YES;
				CLANG_WARN_BOOL_CONVERSION = YES;
				CLANG_WARN_CONSTANT_CONVERSION = YES;
				CLANG_WARN_DIRECT_OBJC_ISA_USAGE = YES_ERROR;
				CLANG_WARN_EMPTY_BODY = YES;
				CLANG_WARN_ENUM_CONVERSION = YES;
				CLANG_WARN_INT_CONVERSION = YES;
				CLANG_WARN_OBJC_ROOT_CLASS = YES_ERROR;
				CLANG_WARN__DUPLICATE_METHOD_MATCH = YES;
				"CODE_SIGN_IDENTITY[sdk=iphoneos*]" = "iPhone Developer";
				COPY_PHASE_STRIP = YES;
				ENABLE_NS_ASSERTIONS = NO;
				GCC_C_LANGUAGE_STANDARD = gnu99;
				GCC_WARN_64_TO_32_BIT_CONVERSION = YES;
				GCC_WARN_ABOUT_RETURN_TYPE = YES_ERROR;
				GCC_WARN_UNDECLARED_SELECTOR = YES;
				GCC_WARN_UNINITIALIZED_AUTOS = YES_AGGRESSIVE;
				GCC_WARN_UNUSED_FUNCTION = YES;
				GCC_WARN_UNUSED_VARIABLE = YES;
				IPHONEOS_DEPLOYMENT_TARGET = 7.1;
				SDKROOT = iphoneos;
				VALIDATE_PRODUCT = YES;
			};
			name = Release;
		};
		026DF4D318F3AB2100F434AA /* Debug */ = {
			isa = XCBuildConfiguration;
			buildSettings = {
				ASSETCATALOG_COMPILER_APPICON_NAME = AppIcon;
				ASSETCATALOG_COMPILER_LAUNCHIMAGE_NAME = LaunchImage;
				FRAMEWORK_SEARCH_PATHS = (
					"$(inherited)",
					"/Users/BrotoMan/Downloads/Kiip-iOS-SDK-v2.0.7",
					"$(PROJECT_DIR)",
				);
				GCC_PRECOMPILE_PREFIX_HEADER = YES;
				GCC_PREFIX_HEADER = "SubredditViewer/SubredditViewer-Prefix.pch";
				INFOPLIST_FILE = "SubredditViewer/SubredditViewer-Info.plist";
				IPHONEOS_DEPLOYMENT_TARGET = 7.0;
				PRODUCT_NAME = "$(TARGET_NAME)";
				WRAPPER_EXTENSION = app;
			};
			name = Debug;
		};
		026DF4D418F3AB2100F434AA /* Release */ = {
			isa = XCBuildConfiguration;
			buildSettings = {
				ASSETCATALOG_COMPILER_APPICON_NAME = AppIcon;
				ASSETCATALOG_COMPILER_LAUNCHIMAGE_NAME = LaunchImage;
				FRAMEWORK_SEARCH_PATHS = (
					"$(inherited)",
					"/Users/BrotoMan/Downloads/Kiip-iOS-SDK-v2.0.7",
					"$(PROJECT_DIR)",
				);
				GCC_PRECOMPILE_PREFIX_HEADER = YES;
				GCC_PREFIX_HEADER = "SubredditViewer/SubredditViewer-Prefix.pch";
				INFOPLIST_FILE = "SubredditViewer/SubredditViewer-Info.plist";
				IPHONEOS_DEPLOYMENT_TARGET = 7.0;
				PRODUCT_NAME = "$(TARGET_NAME)";
				WRAPPER_EXTENSION = app;
			};
			name = Release;
		};
		026DF4D618F3AB2100F434AA /* Debug */ = {
			isa = XCBuildConfiguration;
			buildSettings = {
				BUNDLE_LOADER = "$(BUILT_PRODUCTS_DIR)/SubredditViewer.app/SubredditViewer";
				FRAMEWORK_SEARCH_PATHS = (
					"$(SDKROOT)/Developer/Library/Frameworks",
					"$(inherited)",
					"$(DEVELOPER_FRAMEWORKS_DIR)",
				);
				GCC_PRECOMPILE_PREFIX_HEADER = YES;
				GCC_PREFIX_HEADER = "SubredditViewer/SubredditViewer-Prefix.pch";
				GCC_PREPROCESSOR_DEFINITIONS = (
					"DEBUG=1",
					"$(inherited)",
				);
				INFOPLIST_FILE = "SubredditViewerTests/SubredditViewerTests-Info.plist";
				PRODUCT_NAME = "$(TARGET_NAME)";
				TEST_HOST = "$(BUNDLE_LOADER)";
				WRAPPER_EXTENSION = xctest;
			};
			name = Debug;
		};
		026DF4D718F3AB2100F434AA /* Release */ = {
			isa = XCBuildConfiguration;
			buildSettings = {
				BUNDLE_LOADER = "$(BUILT_PRODUCTS_DIR)/SubredditViewer.app/SubredditViewer";
				FRAMEWORK_SEARCH_PATHS = (
					"$(SDKROOT)/Developer/Library/Frameworks",
					"$(inherited)",
					"$(DEVELOPER_FRAMEWORKS_DIR)",
				);
				GCC_PRECOMPILE_PREFIX_HEADER = YES;
				GCC_PREFIX_HEADER = "SubredditViewer/SubredditViewer-Prefix.pch";
				INFOPLIST_FILE = "SubredditViewerTests/SubredditViewerTests-Info.plist";
				PRODUCT_NAME = "$(TARGET_NAME)";
				TEST_HOST = "$(BUNDLE_LOADER)";
				WRAPPER_EXTENSION = xctest;
			};
			name = Release;
		};
/* End XCBuildConfiguration section */

/* Begin XCConfigurationList section */
		026DF49B18F3AB2100F434AA /* Build configuration list for PBXProject "SubredditViewer" */ = {
			isa = XCConfigurationList;
			buildConfigurations = (
				026DF4D018F3AB2100F434AA /* Debug */,
				026DF4D118F3AB2100F434AA /* Release */,
			);
			defaultConfigurationIsVisible = 0;
			defaultConfigurationName = Release;
		};
		026DF4D218F3AB2100F434AA /* Build configuration list for PBXNativeTarget "SubredditViewer" */ = {
			isa = XCConfigurationList;
			buildConfigurations = (
				026DF4D318F3AB2100F434AA /* Debug */,
				026DF4D418F3AB2100F434AA /* Release */,
			);
			defaultConfigurationIsVisible = 0;
		};
		026DF4D518F3AB2100F434AA /* Build configuration list for PBXNativeTarget "SubredditViewerTests" */ = {
			isa = XCConfigurationList;
			buildConfigurations = (
				026DF4D618F3AB2100F434AA /* Debug */,
				026DF4D718F3AB2100F434AA /* Release */,
			);
			defaultConfigurationIsVisible = 0;
		};
/* End XCConfigurationList section */
	};
	rootObject = 026DF49818F3AB2100F434AA /* Project object */;
}
